
Microsoft Visual Studio Solution File, Format Version 12.00
# Visual Studio Version 17
VisualStudioVersion = 17.13.35828.75 d17.13
MinimumVisualStudioVersion = 10.0.40219.1
Project("{FAE04EC0-301F-11D3-BF4B-00C04F79EFBC}") = "FreeDSender", "FreeDSender.csproj", "{E915AED6-61B8-C0A7-24DA-109893C2265D}"
EndProject
Global
	GlobalSection(SolutionConfigurationPlatforms) = preSolution
		Debug|Any CPU = Debug|Any CPU
		Release|Any CPU = Release|Any CPU
	EndGlobalSection
	GlobalSection(ProjectConfigurationPlatforms) = postSolution
		{E915AED6-61B8-C0A7-24DA-109893C2265D}.Debug|Any CPU.ActiveCfg = Debug|Any CPU
		{E915AED6-61B8-C0A7-24DA-109893C2265D}.Debug|Any CPU.Build.0 = Debug|Any CPU
		{E915AED6-61B8-C0A7-24DA-109893C2265D}.Release|Any CPU.ActiveCfg = Release|Any CPU
		{E915AED6-61B8-C0A7-24DA-109893C2265D}.Release|Any CPU.Build.0 = Release|Any CPU
	EndGlobalSection
	GlobalSection(SolutionProperties) = preSolution
		HideSolutionNode = FALSE
	EndGlobalSection
	GlobalSection(ExtensibilityGlobals) = postSolution
		SolutionGuid = {F4951652-8D60-4849-8CA5-1D372AF3CDE9}
	EndGlobalSection
EndGlobal
